// !$*UTF8*$!
{
	archiveVersion = 1;
	classes = {
	};
	objectVersion = 46;
	objects = {

/* Begin PBXBuildFile section */
		7A3DFFC71999F153003BEA5D /* MessageUI.framework in Frameworks */ = {isa = PBXBuildFile; fileRef = 7A3DFFC61999F153003BEA5D /* MessageUI.framework */; };
		7A9278BD1995561D0027D0B5 /* Foundation.framework in Frameworks */ = {isa = PBXBuildFile; fileRef = 7A9278BC1995561D0027D0B5 /* Foundation.framework */; };
		7A9278BF1995561D0027D0B5 /* CoreGraphics.framework in Frameworks */ = {isa = PBXBuildFile; fileRef = 7A9278BE1995561D0027D0B5 /* CoreGraphics.framework */; };
		7A9278C11995561D0027D0B5 /* UIKit.framework in Frameworks */ = {isa = PBXBuildFile; fileRef = 7A9278C01995561D0027D0B5 /* UIKit.framework */; };
		7A9278C71995561D0027D0B5 /* InfoPlist.strings in Resources */ = {isa = PBXBuildFile; fileRef = 7A9278C51995561D0027D0B5 /* InfoPlist.strings */; };
		7A9278C91995561D0027D0B5 /* main.m in Sources */ = {isa = PBXBuildFile; fileRef = 7A9278C81995561D0027D0B5 /* main.m */; };
		7A9278CD1995561D0027D0B5 /* AppDelegate.m in Sources */ = {isa = PBXBuildFile; fileRef = 7A9278CC1995561D0027D0B5 /* AppDelegate.m */; };
		7A9278D01995561D0027D0B5 /* Main_iPhone.storyboard in Resources */ = {isa = PBXBuildFile; fileRef = 7A9278CE1995561D0027D0B5 /* Main_iPhone.storyboard */; };
		7A9278D31995561D0027D0B5 /* Main_iPad.storyboard in Resources */ = {isa = PBXBuildFile; fileRef = 7A9278D11995561D0027D0B5 /* Main_iPad.storyboard */; };
		7A9278D81995561D0027D0B5 /* Images.xcassets in Resources */ = {isa = PBXBuildFile; fileRef = 7A9278D71995561D0027D0B5 /* Images.xcassets */; };
		7A9278DF1995561D0027D0B5 /* XCTest.framework in Frameworks */ = {isa = PBXBuildFile; fileRef = 7A9278DE1995561D0027D0B5 /* XCTest.framework */; };
		7A9278E01995561E0027D0B5 /* Foundation.framework in Frameworks */ = {isa = PBXBuildFile; fileRef = 7A9278BC1995561D0027D0B5 /* Foundation.framework */; };
		7A9278E11995561E0027D0B5 /* UIKit.framework in Frameworks */ = {isa = PBXBuildFile; fileRef = 7A9278C01995561D0027D0B5 /* UIKit.framework */; };
		7A9278E91995561E0027D0B5 /* InfoPlist.strings in Resources */ = {isa = PBXBuildFile; fileRef = 7A9278E71995561E0027D0B5 /* InfoPlist.strings */; };
		7A9278EB1995561E0027D0B5 /* DTHENGTests.m in Sources */ = {isa = PBXBuildFile; fileRef = 7A9278EA1995561E0027D0B5 /* DTHENGTests.m */; };
		7AA85F50199582F700611CB7 /* BaseTableViewController.m in Sources */ = {isa = PBXBuildFile; fileRef = 7AA85F4F199582F700611CB7 /* BaseTableViewController.m */; };
		7AA85F53199583B800611CB7 /* HomeViewController.m in Sources */ = {isa = PBXBuildFile; fileRef = 7AA85F52199583B800611CB7 /* HomeViewController.m */; };
		7AC2E5971996FC6C0071BAB9 /* ResumeTableViewController.m in Sources */ = {isa = PBXBuildFile; fileRef = 7AC2E5961996FC6C0071BAB9 /* ResumeTableViewController.m */; };
/* End PBXBuildFile section */

/* Begin PBXContainerItemProxy section */
		7A9278E21995561E0027D0B5 /* PBXContainerItemProxy */ = {
			isa = PBXContainerItemProxy;
			containerPortal = 7A9278B11995561D0027D0B5 /* Project object */;
			proxyType = 1;
			remoteGlobalIDString = 7A9278B81995561D0027D0B5;
			remoteInfo = DTHENG;
		};
/* End PBXContainerItemProxy section */

/* Begin PBXFileReference section */
		7A3DFFC61999F153003BEA5D /* MessageUI.framework */ = {isa = PBXFileReference; lastKnownFileType = wrapper.framework; name = MessageUI.framework; path = System/Library/Frameworks/MessageUI.framework; sourceTree = SDKROOT; };
		7A9278B91995561D0027D0B5 /* DTHENG.app */ = {isa = PBXFileReference; explicitFileType = wrapper.application; includeInIndex = 0; path = DTHENG.app; sourceTree = BUILT_PRODUCTS_DIR; };
		7A9278BC1995561D0027D0B5 /* Foundation.framework */ = {isa = PBXFileReference; lastKnownFileType = wrapper.framework; name = Foundation.framework; path = System/Library/Frameworks/Foundation.framework; sourceTree = SDKROOT; };
		7A9278BE1995561D0027D0B5 /* CoreGraphics.framework */ = {isa = PBXFileReference; lastKnownFileType = wrapper.framework; name = CoreGraphics.framework; path = System/Library/Frameworks/CoreGraphics.framework; sourceTree = SDKROOT; };
		7A9278C01995561D0027D0B5 /* UIKit.framework */ = {isa = PBXFileReference; lastKnownFileType = wrapper.framework; name = UIKit.framework; path = System/Library/Frameworks/UIKit.framework; sourceTree = SDKROOT; };
		7A9278C41995561D0027D0B5 /* DTHENG-Info.plist */ = {isa = PBXFileReference; lastKnownFileType = text.plist.xml; path = "DTHENG-Info.plist"; sourceTree = "<group>"; };
		7A9278C61995561D0027D0B5 /* en */ = {isa = PBXFileReference; lastKnownFileType = text.plist.strings; name = en; path = en.lproj/InfoPlist.strings; sourceTree = "<group>"; };
		7A9278C81995561D0027D0B5 /* main.m */ = {isa = PBXFileReference; lastKnownFileType = sourcecode.c.objc; path = main.m; sourceTree = "<group>"; };
		7A9278CA1995561D0027D0B5 /* DTHENG-Prefix.pch */ = {isa = PBXFileReference; lastKnownFileType = sourcecode.c.h; path = "DTHENG-Prefix.pch"; sourceTree = "<group>"; };
		7A9278CB1995561D0027D0B5 /* AppDelegate.h */ = {isa = PBXFileReference; lastKnownFileType = sourcecode.c.h; path = AppDelegate.h; sourceTree = "<group>"; };
		7A9278CC1995561D0027D0B5 /* AppDelegate.m */ = {isa = PBXFileReference; lastKnownFileType = sourcecode.c.objc; path = AppDelegate.m; sourceTree = "<group>"; };
		7A9278CF1995561D0027D0B5 /* Base */ = {isa = PBXFileReference; lastKnownFileType = file.storyboard; name = Base; path = Base.lproj/Main_iPhone.storyboard; sourceTree = "<group>"; };
		7A9278D21995561D0027D0B5 /* Base */ = {isa = PBXFileReference; lastKnownFileType = file.storyboard; name = Base; path = Base.lproj/Main_iPad.storyboard; sourceTree = "<group>"; };
		7A9278D71995561D0027D0B5 /* Images.xcassets */ = {isa = PBXFileReference; lastKnownFileType = folder.assetcatalog; path = Images.xcassets; sourceTree = "<group>"; };
		7A9278DD1995561D0027D0B5 /* DTHENGTests.xctest */ = {isa = PBXFileReference; explicitFileType = wrapper.cfbundle; includeInIndex = 0; path = DTHENGTests.xctest; sourceTree = BUILT_PRODUCTS_DIR; };
		7A9278DE1995561D0027D0B5 /* XCTest.framework */ = {isa = PBXFileReference; lastKnownFileType = wrapper.framework; name = XCTest.framework; path = Library/Frameworks/XCTest.framework; sourceTree = DEVELOPER_DIR; };
		7A9278E61995561E0027D0B5 /* DTHENGTests-Info.plist */ = {isa = PBXFileReference; lastKnownFileType = text.plist.xml; path = "DTHENGTests-Info.plist"; sourceTree = "<group>"; };
		7A9278E81995561E0027D0B5 /* en */ = {isa = PBXFileReference; lastKnownFileType = text.plist.strings; name = en; path = en.lproj/InfoPlist.strings; sourceTree = "<group>"; };
		7A9278EA1995561E0027D0B5 /* DTHENGTests.m */ = {isa = PBXFileReference; lastKnownFileType = sourcecode.c.objc; path = DTHENGTests.m; sourceTree = "<group>"; };
		7AA85F4E199582F700611CB7 /* BaseTableViewController.h */ = {isa = PBXFileReference; fileEncoding = 4; lastKnownFileType = sourcecode.c.h; path = BaseTableViewController.h; sourceTree = "<group>"; };
		7AA85F4F199582F700611CB7 /* BaseTableViewController.m */ = {isa = PBXFileReference; fileEncoding = 4; lastKnownFileType = sourcecode.c.objc; path = BaseTableViewController.m; sourceTree = "<group>"; };
		7AA85F51199583B800611CB7 /* HomeViewController.h */ = {isa = PBXFileReference; fileEncoding = 4; lastKnownFileType = sourcecode.c.h; path = HomeViewController.h; sourceTree = "<group>"; };
		7AA85F52199583B800611CB7 /* HomeViewController.m */ = {isa = PBXFileReference; fileEncoding = 4; lastKnownFileType = sourcecode.c.objc; path = HomeViewController.m; sourceTree = "<group>"; };
		7AC2E5951996FC6C0071BAB9 /* ResumeTableViewController.h */ = {isa = PBXFileReference; fileEncoding = 4; lastKnownFileType = sourcecode.c.h; path = ResumeTableViewController.h; sourceTree = "<group>"; };
		7AC2E5961996FC6C0071BAB9 /* ResumeTableViewController.m */ = {isa = PBXFileReference; fileEncoding = 4; lastKnownFileType = sourcecode.c.objc; path = ResumeTableViewController.m; sourceTree = "<group>"; };
/* End PBXFileReference section */

/* Begin PBXFrameworksBuildPhase section */
		7A9278B61995561D0027D0B5 /* Frameworks */ = {
			isa = PBXFrameworksBuildPhase;
			buildActionMask = 2147483647;
			files = (
				7A3DFFC71999F153003BEA5D /* MessageUI.framework in Frameworks */,
				7A9278BF1995561D0027D0B5 /* CoreGraphics.framework in Frameworks */,
				7A9278C11995561D0027D0B5 /* UIKit.framework in Frameworks */,
				7A9278BD1995561D0027D0B5 /* Foundation.framework in Frameworks */,
			);
			runOnlyForDeploymentPostprocessing = 0;
		};
		7A9278DA1995561D0027D0B5 /* Frameworks */ = {
			isa = PBXFrameworksBuildPhase;
			buildActionMask = 2147483647;
			files = (
				7A9278DF1995561D0027D0B5 /* XCTest.framework in Frameworks */,
				7A9278E11995561E0027D0B5 /* UIKit.framework in Frameworks */,
				7A9278E01995561E0027D0B5 /* Foundation.framework in Frameworks */,
			);
			runOnlyForDeploymentPostprocessing = 0;
		};
/* End PBXFrameworksBuildPhase section */

/* Begin PBXGroup section */
		7A9278B01995561D0027D0B5 = {
			isa = PBXGroup;
			children = (
				7A9278C21995561D0027D0B5 /* DTHENG */,
				7A9278E41995561E0027D0B5 /* DTHENGTests */,
				7A9278BB1995561D0027D0B5 /* Frameworks */,
				7A9278BA1995561D0027D0B5 /* Products */,
			);
			sourceTree = "<group>";
		};
		7A9278BA1995561D0027D0B5 /* Products */ = {
			isa = PBXGroup;
			children = (
				7A9278B91995561D0027D0B5 /* DTHENG.app */,
				7A9278DD1995561D0027D0B5 /* DTHENGTests.xctest */,
			);
			name = Products;
			sourceTree = "<group>";
		};
		7A9278BB1995561D0027D0B5 /* Frameworks */ = {
			isa = PBXGroup;
			children = (
				7A3DFFC61999F153003BEA5D /* MessageUI.framework */,
				7A9278BC1995561D0027D0B5 /* Foundation.framework */,
				7A9278BE1995561D0027D0B5 /* CoreGraphics.framework */,
				7A9278C01995561D0027D0B5 /* UIKit.framework */,
				7A9278DE1995561D0027D0B5 /* XCTest.framework */,
			);
			name = Frameworks;
			sourceTree = "<group>";
		};
		7A9278C21995561D0027D0B5 /* DTHENG */ = {
			isa = PBXGroup;
			children = (
				7A9278CB1995561D0027D0B5 /* AppDelegate.h */,
				7A9278CC1995561D0027D0B5 /* AppDelegate.m */,
				7A9278CE1995561D0027D0B5 /* Main_iPhone.storyboard */,
				7A9278D11995561D0027D0B5 /* Main_iPad.storyboard */,
				7A9278D71995561D0027D0B5 /* Images.xcassets */,
				7A9278C31995561D0027D0B5 /* Supporting Files */,
				7AA85F4E199582F700611CB7 /* BaseTableViewController.h */,
				7AA85F4F199582F700611CB7 /* BaseTableViewController.m */,
				7AA85F51199583B800611CB7 /* HomeViewController.h */,
				7AA85F52199583B800611CB7 /* HomeViewController.m */,
				7AC2E5951996FC6C0071BAB9 /* ResumeTableViewController.h */,
				7AC2E5961996FC6C0071BAB9 /* ResumeTableViewController.m */,
			);
			path = DTHENG;
			sourceTree = "<group>";
		};
		7A9278C31995561D0027D0B5 /* Supporting Files */ = {
			isa = PBXGroup;
			children = (
				7A9278C41995561D0027D0B5 /* DTHENG-Info.plist */,
				7A9278C51995561D0027D0B5 /* InfoPlist.strings */,
				7A9278C81995561D0027D0B5 /* main.m */,
				7A9278CA1995561D0027D0B5 /* DTHENG-Prefix.pch */,
			);
			name = "Supporting Files";
			sourceTree = "<group>";
		};
		7A9278E41995561E0027D0B5 /* DTHENGTests */ = {
			isa = PBXGroup;
			children = (
				7A9278EA1995561E0027D0B5 /* DTHENGTests.m */,
				7A9278E51995561E0027D0B5 /* Supporting Files */,
			);
			path = DTHENGTests;
			sourceTree = "<group>";
		};
		7A9278E51995561E0027D0B5 /* Supporting Files */ = {
			isa = PBXGroup;
			children = (
				7A9278E61995561E0027D0B5 /* DTHENGTests-Info.plist */,
				7A9278E71995561E0027D0B5 /* InfoPlist.strings */,
			);
			name = "Supporting Files";
			sourceTree = "<group>";
		};
/* End PBXGroup section */

/* Begin PBXNativeTarget section */
		7A9278B81995561D0027D0B5 /* DTHENG */ = {
			isa = PBXNativeTarget;
			buildConfigurationList = 7A9278EE1995561E0027D0B5 /* Build configuration list for PBXNativeTarget "DTHENG" */;
			buildPhases = (
				7A9278B51995561D0027D0B5 /* Sources */,
				7A9278B61995561D0027D0B5 /* Frameworks */,
				7A9278B71995561D0027D0B5 /* Resources */,
			);
			buildRules = (
			);
			dependencies = (
			);
			name = DTHENG;
			productName = DTHENG;
			productReference = 7A9278B91995561D0027D0B5 /* DTHENG.app */;
			productType = "com.apple.product-type.application";
		};
		7A9278DC1995561D0027D0B5 /* DTHENGTests */ = {
			isa = PBXNativeTarget;
			buildConfigurationList = 7A9278F11995561E0027D0B5 /* Build configuration list for PBXNativeTarget "DTHENGTests" */;
			buildPhases = (
				7A9278D91995561D0027D0B5 /* Sources */,
				7A9278DA1995561D0027D0B5 /* Frameworks */,
				7A9278DB1995561D0027D0B5 /* Resources */,
			);
			buildRules = (
			);
			dependencies = (
				7A9278E31995561E0027D0B5 /* PBXTargetDependency */,
			);
			name = DTHENGTests;
			productName = DTHENGTests;
			productReference = 7A9278DD1995561D0027D0B5 /* DTHENGTests.xctest */;
			productType = "com.apple.product-type.bundle.unit-test";
		};
/* End PBXNativeTarget section */

/* Begin PBXProject section */
		7A9278B11995561D0027D0B5 /* Project object */ = {
			isa = PBXProject;
			attributes = {
				LastUpgradeCheck = 0510;
				ORGANIZATIONNAME = "Daniel Thengvall";
				TargetAttributes = {
					7A9278B81995561D0027D0B5 = {
						DevelopmentTeam = H4CFUFQ4DX;
					};
					7A9278DC1995561D0027D0B5 = {
						TestTargetID = 7A9278B81995561D0027D0B5;
					};
				};
			};
			buildConfigurationList = 7A9278B41995561D0027D0B5 /* Build configuration list for PBXProject "DTHENG" */;
			compatibilityVersion = "Xcode 3.2";
			developmentRegion = English;
			hasScannedForEncodings = 0;
			knownRegions = (
				en,
				Base,
			);
			mainGroup = 7A9278B01995561D0027D0B5;
			productRefGroup = 7A9278BA1995561D0027D0B5 /* Products */;
			projectDirPath = "";
			projectRoot = "";
			targets = (
				7A9278B81995561D0027D0B5 /* DTHENG */,
				7A9278DC1995561D0027D0B5 /* DTHENGTests */,
			);
		};
/* End PBXProject section */

/* Begin PBXResourcesBuildPhase section */
		7A9278B71995561D0027D0B5 /* Resources */ = {
			isa = PBXResourcesBuildPhase;
			buildActionMask = 2147483647;
			files = (
				7A9278D31995561D0027D0B5 /* Main_iPad.storyboard in Resources */,
				7A9278D81995561D0027D0B5 /* Images.xcassets in Resources */,
				7A9278D01995561D0027D0B5 /* Main_iPhone.storyboard in Resources */,
				7A9278C71995561D0027D0B5 /* InfoPlist.strings in Resources */,
			);
			runOnlyForDeploymentPostprocessing = 0;
		};
		7A9278DB1995561D0027D0B5 /* Resources */ = {
			isa = PBXResourcesBuildPhase;
			buildActionMask = 2147483647;
			files = (
				7A9278E91995561E0027D0B5 /* InfoPlist.strings in Resources */,
			);
			runOnlyForDeploymentPostprocessing = 0;
		};
/* End PBXResourcesBuildPhase section */

/* Begin PBXSourcesBuildPhase section */
		7A9278B51995561D0027D0B5 /* Sources */ = {
			isa = PBXSourcesBuildPhase;
			buildActionMask = 2147483647;
			files = (
				7A9278CD1995561D0027D0B5 /* AppDelegate.m in Sources */,
				7AA85F50199582F700611CB7 /* BaseTableViewController.m in Sources */,
				7AC2E5971996FC6C0071BAB9 /* ResumeTableViewController.m in Sources */,
				7A9278C91995561D0027D0B5 /* main.m in Sources */,
				7AA85F53199583B800611CB7 /* HomeViewController.m in Sources */,
			);
			runOnlyForDeploymentPostprocessing = 0;
		};
		7A9278D91995561D0027D0B5 /* Sources */ = {
			isa = PBXSourcesBuildPhase;
			buildActionMask = 2147483647;
			files = (
				7A9278EB1995561E0027D0B5 /* DTHENGTests.m in Sources */,
			);
			runOnlyForDeploymentPostprocessing = 0;
		};
/* End PBXSourcesBuildPhase section */

/* Begin PBXTargetDependency section */
		7A9278E31995561E0027D0B5 /* PBXTargetDependency */ = {
			isa = PBXTargetDependency;
			target = 7A9278B81995561D0027D0B5 /* DTHENG */;
			targetProxy = 7A9278E21995561E0027D0B5 /* PBXContainerItemProxy */;
		};
/* End PBXTargetDependency section */

/* Begin PBXVariantGroup section */
		7A9278C51995561D0027D0B5 /* InfoPlist.strings */ = {
			isa = PBXVariantGroup;
			children = (
				7A9278C61995561D0027D0B5 /* en */,
			);
			name = InfoPlist.strings;
			sourceTree = "<group>";
		};
		7A9278CE1995561D0027D0B5 /* Main_iPhone.storyboard */ = {
			isa = PBXVariantGroup;
			children = (
				7A9278CF1995561D0027D0B5 /* Base */,
			);
			name = Main_iPhone.storyboard;
			sourceTree = "<group>";
		};
		7A9278D11995561D0027D0B5 /* Main_iPad.storyboard */ = {
			isa = PBXVariantGroup;
			children = (
				7A9278D21995561D0027D0B5 /* Base */,
			);
			name = Main_iPad.storyboard;
			sourceTree = "<group>";
		};
		7A9278E71995561E0027D0B5 /* InfoPlist.strings */ = {
			isa = PBXVariantGroup;
			children = (
				7A9278E81995561E0027D0B5 /* en */,
			);
			name = InfoPlist.strings;
			sourceTree = "<group>";
		};
/* End PBXVariantGroup section */

/* Begin XCBuildConfiguration section */
		7A9278EC1995561E0027D0B5 /* Debug */ = {
			isa = XCBuildConfiguration;
			buildSettings = {
				ALWAYS_SEARCH_USER_PATHS = NO;
				CLANG_CXX_LANGUAGE_STANDARD = "gnu++0x";
				CLANG_CXX_LIBRARY = "libc++";
				CLANG_ENABLE_MODULES = YES;
				CLANG_ENABLE_OBJC_ARC = YES;
				CLANG_WARN_BOOL_CONVERSION = YES;
				CLANG_WARN_CONSTANT_CONVERSION = YES;
				CLANG_WARN_DIRECT_OBJC_ISA_USAGE = YES_ERROR;
				CLANG_WARN_EMPTY_BODY = YES;
				CLANG_WARN_ENUM_CONVERSION = YES;
				CLANG_WARN_INT_CONVERSION = YES;
				CLANG_WARN_OBJC_ROOT_CLASS = YES_ERROR;
				CLANG_WARN__DUPLICATE_METHOD_MATCH = YES;
				"CODE_SIGN_IDENTITY[sdk=iphoneos*]" = "iPhone Developer";
				COPY_PHASE_STRIP = NO;
				GCC_C_LANGUAGE_STANDARD = gnu99;
				GCC_DYNAMIC_NO_PIC = NO;
				GCC_OPTIMIZATION_LEVEL = 0;
				GCC_PREPROCESSOR_DEFINITIONS = (
					"DEBUG=1",
					"$(inherited)",
				);
				GCC_SYMBOLS_PRIVATE_EXTERN = NO;
				GCC_WARN_64_TO_32_BIT_CONVERSION = YES;
				GCC_WARN_ABOUT_RETURN_TYPE = YES_ERROR;
				GCC_WARN_UNDECLARED_SELECTOR = YES;
				GCC_WARN_UNINITIALIZED_AUTOS = YES_AGGRESSIVE;
				GCC_WARN_UNUSED_FUNCTION = YES;
				GCC_WARN_UNUSED_VARIABLE = YES;
				IPHONEOS_DEPLOYMENT_TARGET = 7.1;
				ONLY_ACTIVE_ARCH = YES;
				SDKROOT = iphoneos;
				TARGETED_DEVICE_FAMILY = "1,2";
			};
			name = Debug;
		};
		7A9278ED1995561E0027D0B5 /* Release */ = {
			isa = XCBuildConfiguration;
			buildSettings = {
				ALWAYS_SEARCH_USER_PATHS = NO;
				CLANG_CXX_LANGUAGE_STANDARD = "gnu++0x";
				CLANG_CXX_LIBRARY = "libc++";
				CLANG_ENABLE_MODULES = YES;
				CLANG_ENABLE_OBJC_ARC = YES;
				CLANG_WARN_BOOL_CONVERSION = YES;
				CLANG_WARN_CONSTANT_CONVERSION = YES;
				CLANG_WARN_DIRECT_OBJC_ISA_USAGE = YES_ERROR;
				CLANG_WARN_EMPTY_BODY = YES;
				CLANG_WARN_ENUM_CONVERSION = YES;
				CLANG_WARN_INT_CONVERSION = YES;
				CLANG_WARN_OBJC_ROOT_CLASS = YES_ERROR;
				CLANG_WARN__DUPLICATE_METHOD_MATCH = YES;
				"CODE_SIGN_IDENTITY[sdk=iphoneos*]" = "iPhone Developer";
				COPY_PHASE_STRIP = YES;
				ENABLE_NS_ASSERTIONS = NO;
				GCC_C_LANGUAGE_STANDARD = gnu99;
				GCC_WARN_64_TO_32_BIT_CONVERSION = YES;
				GCC_WARN_ABOUT_RETURN_TYPE = YES_ERROR;
				GCC_WARN_UNDECLARED_SELECTOR = YES;
				GCC_WARN_UNINITIALIZED_AUTOS = YES_AGGRESSIVE;
				GCC_WARN_UNUSED_FUNCTION = YES;
				GCC_WARN_UNUSED_VARIABLE = YES;
				IPHONEOS_DEPLOYMENT_TARGET = 7.1;
				SDKROOT = iphoneos;
				TARGETED_DEVICE_FAMILY = "1,2";
				VALIDATE_PRODUCT = YES;
			};
			name = Release;
		};
		7A9278EF1995561E0027D0B5 /* Debug */ = {
			isa = XCBuildConfiguration;
			buildSettings = {
				ASSETCATALOG_COMPILER_APPICON_NAME = AppIcon;
				ASSETCATALOG_COMPILER_LAUNCHIMAGE_NAME = LaunchImage;
				CODE_SIGN_IDENTITY = "iPhone Developer";
				GCC_PRECOMPILE_PREFIX_HEADER = YES;
				GCC_PREFIX_HEADER = "DTHENG/DTHENG-Prefix.pch";
				INFOPLIST_FILE = "DTHENG/DTHENG-Info.plist";
				PRODUCT_NAME = "$(TARGET_NAME)";
				WRAPPER_EXTENSION = app;
			};
			name = Debug;
		};
		7A9278F01995561E0027D0B5 /* Release */ = {
			isa = XCBuildConfiguration;
			buildSettings = {
				ASSETCATALOG_COMPILER_APPICON_NAME = AppIcon;
				ASSETCATALOG_COMPILER_LAUNCHIMAGE_NAME = LaunchImage;
				CODE_SIGN_IDENTITY = "iPhone Developer";
				GCC_PRECOMPILE_PREFIX_HEADER = YES;
				GCC_PREFIX_HEADER = "DTHENG/DTHENG-Prefix.pch";
				INFOPLIST_FILE = "DTHENG/DTHENG-Info.plist";
				PRODUCT_NAME = "$(TARGET_NAME)";
				WRAPPER_EXTENSION = app;
			};
			name = Release;
		};
		7A9278F21995561E0027D0B5 /* Debug */ = {
			isa = XCBuildConfiguration;
			buildSettings = {
				BUNDLE_LOADER = "$(BUILT_PRODUCTS_DIR)/DTHENG.app/DTHENG";
				FRAMEWORK_SEARCH_PATHS = (
					"$(SDKROOT)/Developer/Library/Frameworks",
					"$(inherited)",
					"$(DEVELOPER_FRAMEWORKS_DIR)",
				);
				GCC_PRECOMPILE_PREFIX_HEADER = YES;
				GCC_PREFIX_HEADER = "DTHENG/DTHENG-Prefix.pch";
				GCC_PREPROCESSOR_DEFINITIONS = (
					"DEBUG=1",
					"$(inherited)",
				);
				INFOPLIST_FILE = "DTHENGTests/DTHENGTests-Info.plist";
				PRODUCT_NAME = "$(TARGET_NAME)";
				TEST_HOST = "$(BUNDLE_LOADER)";
				WRAPPER_EXTENSION = xctest;
			};
			name = Debug;
		};
		7A9278F31995561E0027D0B5 /* Release */ = {
			isa = XCBuildConfiguration;
			buildSettings = {
				BUNDLE_LOADER = "$(BUILT_PRODUCTS_DIR)/DTHENG.app/DTHENG";
				FRAMEWORK_SEARCH_PATHS = (
					"$(SDKROOT)/Developer/Library/Frameworks",
					"$(inherited)",
					"$(DEVELOPER_FRAMEWORKS_DIR)",
				);
				GCC_PRECOMPILE_PREFIX_HEADER = YES;
				GCC_PREFIX_HEADER = "DTHENG/DTHENG-Prefix.pch";
				INFOPLIST_FILE = "DTHENGTests/DTHENGTests-Info.plist";
				PRODUCT_NAME = "$(TARGET_NAME)";
				TEST_HOST = "$(BUNDLE_LOADER)";
				WRAPPER_EXTENSION = xctest;
			};
			name = Release;
		};
/* End XCBuildConfiguration section */

/* Begin XCConfigurationList section */
		7A9278B41995561D0027D0B5 /* Build configuration list for PBXProject "DTHENG" */ = {
			isa = XCConfigurationList;
			buildConfigurations = (
				7A9278EC1995561E0027D0B5 /* Debug */,
				7A9278ED1995561E0027D0B5 /* Release */,
			);
			defaultConfigurationIsVisible = 0;
			defaultConfigurationName = Release;
		};
		7A9278EE1995561E0027D0B5 /* Build configuration list for PBXNativeTarget "DTHENG" */ = {
			isa = XCConfigurationList;
			buildConfigurations = (
				7A9278EF1995561E0027D0B5 /* Debug */,
				7A9278F01995561E0027D0B5 /* Release */,
			);
			defaultConfigurationIsVisible = 0;
			defaultConfigurationName = Release;
		};
		7A9278F11995561E0027D0B5 /* Build configuration list for PBXNativeTarget "DTHENGTests" */ = {
			isa = XCConfigurationList;
			buildConfigurations = (
				7A9278F21995561E0027D0B5 /* Debug */,
				7A9278F31995561E0027D0B5 /* Release */,
			);
			defaultConfigurationIsVisible = 0;
			defaultConfigurationName = Release;
		};
/* End XCConfigurationList section */
	};
	rootObject = 7A9278B11995561D0027D0B5 /* Project object */;
}
